PODS:
  - MBProgressHUD (1.2.0)
  - SDWebImage (5.9.3):
    - SDWebImage/Core (= 5.9.3)
  - SDWebImage/Core (5.9.3)
  - VK-ios-sdk (1.5.1)

DEPENDENCIES:
  - MBProgressHUD (~> 1.2.0)
  - SDWebImage
  - VK-ios-sdk

SPEC REPOS:
  trunk:
    - MBProgressHUD
    - SDWebImage
    - VK-ios-sdk

SPEC CHECKSUMS:
  MBProgressHUD: 3ee5efcc380f6a79a7cc9b363dd669c5e1ae7406
  SDWebImage: a31ee8e90a97303529e03fb0c333eae0eacb88e9
  VK-ios-sdk: 62a10b6571fbcda0657f455fedce7fedf55b4cd0

PODFILE CHECKSUM: e0893b6220e13ad16691fcd7ef8d41214bee29ff

COCOAPODS: 1.10.0.rc.1
