// !$*UTF8*$!
{
	archiveVersion = 1;
	classes = {
	};
	objectVersion = 51;
	objects = {

/* Begin PBXBuildFile section */
		FA50F50F254CD8F40065DDD6 /* AlbumView.swift in Sources */ = {isa = PBXBuildFile; fileRef = FA50F50E254CD8F40065DDD6 /* AlbumView.swift */; };
		FA50F514254CD9B70065DDD6 /* AlbumCell.swift in Sources */ = {isa = PBXBuildFile; fileRef = FA50F512254CD9B70065DDD6 /* AlbumCell.swift */; };
		FA50F515254CD9B70065DDD6 /* AlbumCell.xib in Resources */ = {isa = PBXBuildFile; fileRef = FA50F513254CD9B70065DDD6 /* AlbumCell.xib */; };
		FA50F518254CDC780065DDD6 /* Album.swift in Sources */ = {isa = PBXBuildFile; fileRef = FA50F517254CDC780065DDD6 /* Album.swift */; };
		FA5B19B22549E5B600AC5A06 /* CategoryCell.swift in Sources */ = {isa = PBXBuildFile; fileRef = FA5B19B02549E5B600AC5A06 /* CategoryCell.swift */; };
		FA5B19B32549E5B600AC5A06 /* CategoryCell.xib in Resources */ = {isa = PBXBuildFile; fileRef = FA5B19B12549E5B600AC5A06 /* CategoryCell.xib */; };
		FA5B19B52549E79D00AC5A06 /* Extension+UITableView.swift in Sources */ = {isa = PBXBuildFile; fileRef = FA5B19B42549E79D00AC5A06 /* Extension+UITableView.swift */; };
		FA5B19B72549E85E00AC5A06 /* Extension+UIView.swift in Sources */ = {isa = PBXBuildFile; fileRef = FA5B19B62549E85E00AC5A06 /* Extension+UIView.swift */; };
		FA5B19BB2549FBBC00AC5A06 /* GroupCell.swift in Sources */ = {isa = PBXBuildFile; fileRef = FA5B19B92549FBBC00AC5A06 /* GroupCell.swift */; };
		FA5B19BC2549FBBC00AC5A06 /* GroupCell.xib in Resources */ = {isa = PBXBuildFile; fileRef = FA5B19BA2549FBBC00AC5A06 /* GroupCell.xib */; };
		FA5B19C0254A06B800AC5A06 /* DetailProductController.swift in Sources */ = {isa = PBXBuildFile; fileRef = FA5B19BE254A06B800AC5A06 /* DetailProductController.swift */; };
		FA5B19C1254A06B800AC5A06 /* DetailProductController.xib in Resources */ = {isa = PBXBuildFile; fileRef = FA5B19BF254A06B800AC5A06 /* DetailProductController.xib */; };
		FA5B19C4254A26C900AC5A06 /* MainButton.swift in Sources */ = {isa = PBXBuildFile; fileRef = FA5B19C3254A26C900AC5A06 /* MainButton.swift */; };
		FA5B19C6254A26F400AC5A06 /* Constants.swift in Sources */ = {isa = PBXBuildFile; fileRef = FA5B19C5254A26F400AC5A06 /* Constants.swift */; };
		FA72D7C3254DC80700AE51D2 /* VKUserModule.swift in Sources */ = {isa = PBXBuildFile; fileRef = FA72D7C2254DC80700AE51D2 /* VKUserModule.swift */; };
		FA72D7C6254DC85600AE51D2 /* User.swift in Sources */ = {isa = PBXBuildFile; fileRef = FA72D7C5254DC85600AE51D2 /* User.swift */; };
		FA72D7C8254DD34200AE51D2 /* VKFavoriteModule.swift in Sources */ = {isa = PBXBuildFile; fileRef = FA72D7C7254DD34200AE51D2 /* VKFavoriteModule.swift */; };
		FA72D7CC254E25A300AE51D2 /* ProductSliderCell.swift in Sources */ = {isa = PBXBuildFile; fileRef = FA72D7CA254E25A300AE51D2 /* ProductSliderCell.swift */; };
		FA72D7CD254E25A300AE51D2 /* ProductSliderCell.xib in Resources */ = {isa = PBXBuildFile; fileRef = FA72D7CB254E25A300AE51D2 /* ProductSliderCell.xib */; };
		FA72D7CF254E425F00AE51D2 /* ProductList.swift in Sources */ = {isa = PBXBuildFile; fileRef = FA72D7CE254E425F00AE51D2 /* ProductList.swift */; };
		FA72D7D3254E53B000AE51D2 /* AlbumProductCell.swift in Sources */ = {isa = PBXBuildFile; fileRef = FA72D7D1254E53B000AE51D2 /* AlbumProductCell.swift */; };
		FA72D7D4254E53B000AE51D2 /* AlbumProductCell.xib in Resources */ = {isa = PBXBuildFile; fileRef = FA72D7D2254E53B000AE51D2 /* AlbumProductCell.xib */; };
		FA77B138254B5E490024B65D /* CommentsController.swift in Sources */ = {isa = PBXBuildFile; fileRef = FA77B136254B5E490024B65D /* CommentsController.swift */; };
		FA77B139254B5E490024B65D /* CommentsController.xib in Resources */ = {isa = PBXBuildFile; fileRef = FA77B137254B5E490024B65D /* CommentsController.xib */; };
		FA77B13C254B62260024B65D /* Comment.swift in Sources */ = {isa = PBXBuildFile; fileRef = FA77B13B254B62260024B65D /* Comment.swift */; };
		FA77B141254B6C5B0024B65D /* UserCommentCell.swift in Sources */ = {isa = PBXBuildFile; fileRef = FA77B13F254B6C5B0024B65D /* UserCommentCell.swift */; };
		FA77B142254B6C5B0024B65D /* UserCommentCell.xib in Resources */ = {isa = PBXBuildFile; fileRef = FA77B140254B6C5B0024B65D /* UserCommentCell.xib */; };
		FA77B144254B7B860024B65D /* Extension+Date.swift in Sources */ = {isa = PBXBuildFile; fileRef = FA77B143254B7B860024B65D /* Extension+Date.swift */; };
		FA77B147254B84E90024B65D /* Like.swift in Sources */ = {isa = PBXBuildFile; fileRef = FA77B146254B84E90024B65D /* Like.swift */; };
		FA77B14A254B89B10024B65D /* ProfileController.swift in Sources */ = {isa = PBXBuildFile; fileRef = FA77B149254B89B10024B65D /* ProfileController.swift */; };
		FA77B14D254B8E560024B65D /* FavoriteController.swift in Sources */ = {isa = PBXBuildFile; fileRef = FA77B14C254B8E560024B65D /* FavoriteController.swift */; };
		FA7ACED02548B3E7004F1214 /* Brand.swift in Sources */ = {isa = PBXBuildFile; fileRef = FA7ACECF2548B3E7004F1214 /* Brand.swift */; };
		FA7ACED32548B8B7004F1214 /* brands.json in Resources */ = {isa = PBXBuildFile; fileRef = FA7ACED22548B8B6004F1214 /* brands.json */; };
		FA7ACED92548C0AB004F1214 /* ProductsController.swift in Sources */ = {isa = PBXBuildFile; fileRef = FA7ACED72548C0AB004F1214 /* ProductsController.swift */; };
		FA7ACEDA2548C0AB004F1214 /* ProductsController.xib in Resources */ = {isa = PBXBuildFile; fileRef = FA7ACED82548C0AB004F1214 /* ProductsController.xib */; };
		FA7ACEDC2548D456004F1214 /* VKGroupsModule.swift in Sources */ = {isa = PBXBuildFile; fileRef = FA7ACEDB2548D456004F1214 /* VKGroupsModule.swift */; };
		FA7ACEDE2548D4C9004F1214 /* subcategories.json in Resources */ = {isa = PBXBuildFile; fileRef = FA7ACEDD2548D4C8004F1214 /* subcategories.json */; };
		FA7ACEE02548D507004F1214 /* Subcategory.swift in Sources */ = {isa = PBXBuildFile; fileRef = FA7ACEDF2548D507004F1214 /* Subcategory.swift */; };
		FA7ACEE32548D56D004F1214 /* Storage.swift in Sources */ = {isa = PBXBuildFile; fileRef = FA7ACEE22548D56D004F1214 /* Storage.swift */; };
		FA7ACEE72548D7A2004F1214 /* GroupsController.swift in Sources */ = {isa = PBXBuildFile; fileRef = FA7ACEE52548D7A2004F1214 /* GroupsController.swift */; };
		FA7ACEE82548D7A2004F1214 /* GroupsController.xib in Resources */ = {isa = PBXBuildFile; fileRef = FA7ACEE62548D7A2004F1214 /* GroupsController.xib */; };
		FA7ACEEB2548D8F5004F1214 /* Group.swift in Sources */ = {isa = PBXBuildFile; fileRef = FA7ACEEA2548D8F5004F1214 /* Group.swift */; };
		FA7ACEED2548DA19004F1214 /* GroupResponse.swift in Sources */ = {isa = PBXBuildFile; fileRef = FA7ACEEC2548DA19004F1214 /* GroupResponse.swift */; };
		FA8EF9DC25473EDF002DD282 /* AppDelegate.swift in Sources */ = {isa = PBXBuildFile; fileRef = FA8EF9DB25473EDF002DD282 /* AppDelegate.swift */; };
		FA8EF9E025473EDF002DD282 /* ViewController.swift in Sources */ = {isa = PBXBuildFile; fileRef = FA8EF9DF25473EDF002DD282 /* ViewController.swift */; };
		FA8EF9E325473EDF002DD282 /* Main.storyboard in Resources */ = {isa = PBXBuildFile; fileRef = FA8EF9E125473EDF002DD282 /* Main.storyboard */; };
		FA8EF9E525473EE7002DD282 /* Assets.xcassets in Resources */ = {isa = PBXBuildFile; fileRef = FA8EF9E425473EE7002DD282 /* Assets.xcassets */; };
		FA8EF9E825473EE7002DD282 /* LaunchScreen.storyboard in Resources */ = {isa = PBXBuildFile; fileRef = FA8EF9E625473EE7002DD282 /* LaunchScreen.storyboard */; };
		FA8EF9F425474467002DD282 /* VKManager.swift in Sources */ = {isa = PBXBuildFile; fileRef = FA8EF9F325474467002DD282 /* VKManager.swift */; };
		FA8EF9F6254744A1002DD282 /* VKMarketModule.swift in Sources */ = {isa = PBXBuildFile; fileRef = FA8EF9F5254744A1002DD282 /* VKMarketModule.swift */; };
		FA8EF9FA254747BE002DD282 /* AuthController.swift in Sources */ = {isa = PBXBuildFile; fileRef = FA8EF9F9254747BE002DD282 /* AuthController.swift */; };
		FA8EF9FD254747E9002DD282 /* MainController.swift in Sources */ = {isa = PBXBuildFile; fileRef = FA8EF9FC254747E9002DD282 /* MainController.swift */; };
		FA8EFA0725475C9A002DD282 /* TT Commons DemiBold.otf in Resources */ = {isa = PBXBuildFile; fileRef = FA8EFA0025475C9A002DD282 /* TT Commons DemiBold.otf */; };
		FA8EFA0825475C9A002DD282 /* TTCommons-DemiBold.ttf in Resources */ = {isa = PBXBuildFile; fileRef = FA8EFA0125475C9A002DD282 /* TTCommons-DemiBold.ttf */; };
		FA8EFA0925475C9A002DD282 /* SFProDisplay-Medium.ttf in Resources */ = {isa = PBXBuildFile; fileRef = FA8EFA0325475C9A002DD282 /* SFProDisplay-Medium.ttf */; };
		FA8EFA0A25475C9A002DD282 /* SFProDisplay-Light.ttf in Resources */ = {isa = PBXBuildFile; fileRef = FA8EFA0425475C9A002DD282 /* SFProDisplay-Light.ttf */; };
		FA8EFA0B25475C9A002DD282 /* SFProDisplay-Regular.ttf in Resources */ = {isa = PBXBuildFile; fileRef = FA8EFA0525475C9A002DD282 /* SFProDisplay-Regular.ttf */; };
		FA8EFA0C25475C9A002DD282 /* SFProDisplay-Semibold.ttf in Resources */ = {isa = PBXBuildFile; fileRef = FA8EFA0625475C9A002DD282 /* SFProDisplay-Semibold.ttf */; };
		FA8EFA0E25475DEA002DD282 /* Extension+NavigationBar.swift in Sources */ = {isa = PBXBuildFile; fileRef = FA8EFA0D25475DEA002DD282 /* Extension+NavigationBar.swift */; };
		FA8EFA1125475E8C002DD282 /* CatalogController.swift in Sources */ = {isa = PBXBuildFile; fileRef = FA8EFA1025475E8C002DD282 /* CatalogController.swift */; };
		FA8EFA1425475FC2002DD282 /* Pallete.swift in Sources */ = {isa = PBXBuildFile; fileRef = FA8EFA1325475FC2002DD282 /* Pallete.swift */; };
		FA8EFA1625476024002DD282 /* Extension+Font.swift in Sources */ = {isa = PBXBuildFile; fileRef = FA8EFA1525476023002DD282 /* Extension+Font.swift */; };
		FA8EFA1C254768FD002DD282 /* ProductCollectionCell.swift in Sources */ = {isa = PBXBuildFile; fileRef = FA8EFA1A254768FD002DD282 /* ProductCollectionCell.swift */; };
		FA8EFA1D254768FD002DD282 /* ProductCollectionCell.xib in Resources */ = {isa = PBXBuildFile; fileRef = FA8EFA1B254768FD002DD282 /* ProductCollectionCell.xib */; };
		FA8EFA2025476BF8002DD282 /* Product.swift in Sources */ = {isa = PBXBuildFile; fileRef = FA8EFA1F25476BF8002DD282 /* Product.swift */; };
		FA8EFA2225476F56002DD282 /* ProductResponse.swift in Sources */ = {isa = PBXBuildFile; fileRef = FA8EFA2125476F56002DD282 /* ProductResponse.swift */; };
		FAE78500254B4E0200758093 /* CommentView.swift in Sources */ = {isa = PBXBuildFile; fileRef = FAE784FF254B4E0200758093 /* CommentView.swift */; };
		FAE78502254B4E1E00758093 /* CommentView.xib in Resources */ = {isa = PBXBuildFile; fileRef = FAE78501254B4E1E00758093 /* CommentView.xib */; };
		FAF4DB61254A307800E02C9B /* PhotoSlider.swift in Sources */ = {isa = PBXBuildFile; fileRef = FAF4DB60254A307800E02C9B /* PhotoSlider.swift */; };
		FAF4DB63254A309C00E02C9B /* PhotoSlider.xib in Resources */ = {isa = PBXBuildFile; fileRef = FAF4DB62254A309C00E02C9B /* PhotoSlider.xib */; };
		FAF4DB6A254A372700E02C9B /* PhotoSliderCell.swift in Sources */ = {isa = PBXBuildFile; fileRef = FAF4DB68254A372700E02C9B /* PhotoSliderCell.swift */; };
		FAF4DB6B254A372700E02C9B /* PhotoSliderCell.xib in Resources */ = {isa = PBXBuildFile; fileRef = FAF4DB69254A372700E02C9B /* PhotoSliderCell.xib */; };
		FAF4DB6D254A3A5700E02C9B /* Photo.swift in Sources */ = {isa = PBXBuildFile; fileRef = FAF4DB6C254A3A5700E02C9B /* Photo.swift */; };
		FB807FA0D409C2598376AFFF /* Pods_vk_market.framework in Frameworks */ = {isa = PBXBuildFile; fileRef = A8EEAD080CBAEED689703AAA /* Pods_vk_market.framework */; };
/* End PBXBuildFile section */

/* Begin PBXFileReference section */
		48222A51127A6529B1469B54 /* Pods-vk-market.debug.xcconfig */ = {isa = PBXFileReference; includeInIndex = 1; lastKnownFileType = text.xcconfig; name = "Pods-vk-market.debug.xcconfig"; path = "Target Support Files/Pods-vk-market/Pods-vk-market.debug.xcconfig"; sourceTree = "<group>"; };
		6E8E3A3FA5CD6A98FF6181BB /* Pods-vk-market.release.xcconfig */ = {isa = PBXFileReference; includeInIndex = 1; lastKnownFileType = text.xcconfig; name = "Pods-vk-market.release.xcconfig"; path = "Target Support Files/Pods-vk-market/Pods-vk-market.release.xcconfig"; sourceTree = "<group>"; };
		A8EEAD080CBAEED689703AAA /* Pods_vk_market.framework */ = {isa = PBXFileReference; explicitFileType = wrapper.framework; includeInIndex = 0; path = Pods_vk_market.framework; sourceTree = BUILT_PRODUCTS_DIR; };
		FA50F50E254CD8F40065DDD6 /* AlbumView.swift */ = {isa = PBXFileReference; lastKnownFileType = sourcecode.swift; path = AlbumView.swift; sourceTree = "<group>"; };
		FA50F512254CD9B70065DDD6 /* AlbumCell.swift */ = {isa = PBXFileReference; lastKnownFileType = sourcecode.swift; path = AlbumCell.swift; sourceTree = "<group>"; };
		FA50F513254CD9B70065DDD6 /* AlbumCell.xib */ = {isa = PBXFileReference; lastKnownFileType = file.xib; path = AlbumCell.xib; sourceTree = "<group>"; };
		FA50F517254CDC780065DDD6 /* Album.swift */ = {isa = PBXFileReference; lastKnownFileType = sourcecode.swift; path = Album.swift; sourceTree = "<group>"; };
		FA5B19B02549E5B600AC5A06 /* CategoryCell.swift */ = {isa = PBXFileReference; lastKnownFileType = sourcecode.swift; path = CategoryCell.swift; sourceTree = "<group>"; };
		FA5B19B12549E5B600AC5A06 /* CategoryCell.xib */ = {isa = PBXFileReference; lastKnownFileType = file.xib; path = CategoryCell.xib; sourceTree = "<group>"; };
		FA5B19B42549E79D00AC5A06 /* Extension+UITableView.swift */ = {isa = PBXFileReference; lastKnownFileType = sourcecode.swift; path = "Extension+UITableView.swift"; sourceTree = "<group>"; };
		FA5B19B62549E85E00AC5A06 /* Extension+UIView.swift */ = {isa = PBXFileReference; lastKnownFileType = sourcecode.swift; path = "Extension+UIView.swift"; sourceTree = "<group>"; };
		FA5B19B92549FBBC00AC5A06 /* GroupCell.swift */ = {isa = PBXFileReference; lastKnownFileType = sourcecode.swift; path = GroupCell.swift; sourceTree = "<group>"; };
		FA5B19BA2549FBBC00AC5A06 /* GroupCell.xib */ = {isa = PBXFileReference; lastKnownFileType = file.xib; path = GroupCell.xib; sourceTree = "<group>"; };
		FA5B19BE254A06B800AC5A06 /* DetailProductController.swift */ = {isa = PBXFileReference; lastKnownFileType = sourcecode.swift; path = DetailProductController.swift; sourceTree = "<group>"; };
		FA5B19BF254A06B800AC5A06 /* DetailProductController.xib */ = {isa = PBXFileReference; lastKnownFileType = file.xib; path = DetailProductController.xib; sourceTree = "<group>"; };
		FA5B19C3254A26C900AC5A06 /* MainButton.swift */ = {isa = PBXFileReference; fileEncoding = 4; lastKnownFileType = sourcecode.swift; path = MainButton.swift; sourceTree = "<group>"; };
		FA5B19C5254A26F400AC5A06 /* Constants.swift */ = {isa = PBXFileReference; fileEncoding = 4; lastKnownFileType = sourcecode.swift; path = Constants.swift; sourceTree = "<group>"; };
		FA72D7C2254DC80700AE51D2 /* VKUserModule.swift */ = {isa = PBXFileReference; lastKnownFileType = sourcecode.swift; path = VKUserModule.swift; sourceTree = "<group>"; };
		FA72D7C5254DC85600AE51D2 /* User.swift */ = {isa = PBXFileReference; lastKnownFileType = sourcecode.swift; path = User.swift; sourceTree = "<group>"; };
		FA72D7C7254DD34200AE51D2 /* VKFavoriteModule.swift */ = {isa = PBXFileReference; lastKnownFileType = sourcecode.swift; path = VKFavoriteModule.swift; sourceTree = "<group>"; };
		FA72D7CA254E25A300AE51D2 /* ProductSliderCell.swift */ = {isa = PBXFileReference; lastKnownFileType = sourcecode.swift; path = ProductSliderCell.swift; sourceTree = "<group>"; };
		FA72D7CB254E25A300AE51D2 /* ProductSliderCell.xib */ = {isa = PBXFileReference; lastKnownFileType = file.xib; path = ProductSliderCell.xib; sourceTree = "<group>"; };
		FA72D7CE254E425F00AE51D2 /* ProductList.swift */ = {isa = PBXFileReference; lastKnownFileType = sourcecode.swift; path = ProductList.swift; sourceTree = "<group>"; };
		FA72D7D1254E53B000AE51D2 /* AlbumProductCell.swift */ = {isa = PBXFileReference; lastKnownFileType = sourcecode.swift; path = AlbumProductCell.swift; sourceTree = "<group>"; };
		FA72D7D2254E53B000AE51D2 /* AlbumProductCell.xib */ = {isa = PBXFileReference; lastKnownFileType = file.xib; path = AlbumProductCell.xib; sourceTree = "<group>"; };
		FA77B136254B5E490024B65D /* CommentsController.swift */ = {isa = PBXFileReference; lastKnownFileType = sourcecode.swift; path = CommentsController.swift; sourceTree = "<group>"; };
		FA77B137254B5E490024B65D /* CommentsController.xib */ = {isa = PBXFileReference; lastKnownFileType = file.xib; path = CommentsController.xib; sourceTree = "<group>"; };
		FA77B13B254B62260024B65D /* Comment.swift */ = {isa = PBXFileReference; lastKnownFileType = sourcecode.swift; path = Comment.swift; sourceTree = "<group>"; };
		FA77B13F254B6C5B0024B65D /* UserCommentCell.swift */ = {isa = PBXFileReference; lastKnownFileType = sourcecode.swift; path = UserCommentCell.swift; sourceTree = "<group>"; };
		FA77B140254B6C5B0024B65D /* UserCommentCell.xib */ = {isa = PBXFileReference; lastKnownFileType = file.xib; path = UserCommentCell.xib; sourceTree = "<group>"; };
		FA77B143254B7B860024B65D /* Extension+Date.swift */ = {isa = PBXFileReference; lastKnownFileType = sourcecode.swift; path = "Extension+Date.swift"; sourceTree = "<group>"; };
		FA77B146254B84E90024B65D /* Like.swift */ = {isa = PBXFileReference; lastKnownFileType = sourcecode.swift; path = Like.swift; sourceTree = "<group>"; };
		FA77B149254B89B10024B65D /* ProfileController.swift */ = {isa = PBXFileReference; lastKnownFileType = sourcecode.swift; path = ProfileController.swift; sourceTree = "<group>"; };
		FA77B14C254B8E560024B65D /* FavoriteController.swift */ = {isa = PBXFileReference; lastKnownFileType = sourcecode.swift; path = FavoriteController.swift; sourceTree = "<group>"; };
		FA7ACECF2548B3E7004F1214 /* Brand.swift */ = {isa = PBXFileReference; lastKnownFileType = sourcecode.swift; path = Brand.swift; sourceTree = "<group>"; };
		FA7ACED22548B8B6004F1214 /* brands.json */ = {isa = PBXFileReference; fileEncoding = 4; lastKnownFileType = text.json; path = brands.json; sourceTree = "<group>"; };
		FA7ACED72548C0AB004F1214 /* ProductsController.swift */ = {isa = PBXFileReference; lastKnownFileType = sourcecode.swift; path = ProductsController.swift; sourceTree = "<group>"; };
		FA7ACED82548C0AB004F1214 /* ProductsController.xib */ = {isa = PBXFileReference; lastKnownFileType = file.xib; path = ProductsController.xib; sourceTree = "<group>"; };
		FA7ACEDB2548D456004F1214 /* VKGroupsModule.swift */ = {isa = PBXFileReference; lastKnownFileType = sourcecode.swift; path = VKGroupsModule.swift; sourceTree = "<group>"; };
		FA7ACEDD2548D4C8004F1214 /* subcategories.json */ = {isa = PBXFileReference; fileEncoding = 4; lastKnownFileType = text.json; path = subcategories.json; sourceTree = "<group>"; };
		FA7ACEDF2548D507004F1214 /* Subcategory.swift */ = {isa = PBXFileReference; lastKnownFileType = sourcecode.swift; path = Subcategory.swift; sourceTree = "<group>"; };
		FA7ACEE22548D56D004F1214 /* Storage.swift */ = {isa = PBXFileReference; lastKnownFileType = sourcecode.swift; path = Storage.swift; sourceTree = "<group>"; };
		FA7ACEE52548D7A2004F1214 /* GroupsController.swift */ = {isa = PBXFileReference; lastKnownFileType = sourcecode.swift; path = GroupsController.swift; sourceTree = "<group>"; };
		FA7ACEE62548D7A2004F1214 /* GroupsController.xib */ = {isa = PBXFileReference; lastKnownFileType = file.xib; path = GroupsController.xib; sourceTree = "<group>"; };
		FA7ACEEA2548D8F5004F1214 /* Group.swift */ = {isa = PBXFileReference; lastKnownFileType = sourcecode.swift; path = Group.swift; sourceTree = "<group>"; };
		FA7ACEEC2548DA19004F1214 /* GroupResponse.swift */ = {isa = PBXFileReference; lastKnownFileType = sourcecode.swift; path = GroupResponse.swift; sourceTree = "<group>"; };
		FA8EF9D825473EDF002DD282 /* VK Market.app */ = {isa = PBXFileReference; explicitFileType = wrapper.application; includeInIndex = 0; path = "VK Market.app"; sourceTree = BUILT_PRODUCTS_DIR; };
		FA8EF9DB25473EDF002DD282 /* AppDelegate.swift */ = {isa = PBXFileReference; lastKnownFileType = sourcecode.swift; path = AppDelegate.swift; sourceTree = "<group>"; };
		FA8EF9DF25473EDF002DD282 /* ViewController.swift */ = {isa = PBXFileReference; lastKnownFileType = sourcecode.swift; path = ViewController.swift; sourceTree = "<group>"; };
		FA8EF9E225473EDF002DD282 /* Base */ = {isa = PBXFileReference; lastKnownFileType = file.storyboard; name = Base; path = Base.lproj/Main.storyboard; sourceTree = "<group>"; };
		FA8EF9E425473EE7002DD282 /* Assets.xcassets */ = {isa = PBXFileReference; lastKnownFileType = folder.assetcatalog; path = Assets.xcassets; sourceTree = "<group>"; };
		FA8EF9E725473EE7002DD282 /* Base */ = {isa = PBXFileReference; lastKnownFileType = file.storyboard; name = Base; path = Base.lproj/LaunchScreen.storyboard; sourceTree = "<group>"; };
		FA8EF9E925473EE7002DD282 /* Info.plist */ = {isa = PBXFileReference; lastKnownFileType = text.plist.xml; path = Info.plist; sourceTree = "<group>"; };
		FA8EF9F325474467002DD282 /* VKManager.swift */ = {isa = PBXFileReference; lastKnownFileType = sourcecode.swift; path = VKManager.swift; sourceTree = "<group>"; };
		FA8EF9F5254744A1002DD282 /* VKMarketModule.swift */ = {isa = PBXFileReference; lastKnownFileType = sourcecode.swift; path = VKMarketModule.swift; sourceTree = "<group>"; };
		FA8EF9F9254747BE002DD282 /* AuthController.swift */ = {isa = PBXFileReference; lastKnownFileType = sourcecode.swift; path = AuthController.swift; sourceTree = "<group>"; };
		FA8EF9FC254747E9002DD282 /* MainController.swift */ = {isa = PBXFileReference; lastKnownFileType = sourcecode.swift; path = MainController.swift; sourceTree = "<group>"; };
		FA8EFA0025475C9A002DD282 /* TT Commons DemiBold.otf */ = {isa = PBXFileReference; lastKnownFileType = file; path = "TT Commons DemiBold.otf"; sourceTree = "<group>"; };
		FA8EFA0125475C9A002DD282 /* TTCommons-DemiBold.ttf */ = {isa = PBXFileReference; lastKnownFileType = file; path = "TTCommons-DemiBold.ttf"; sourceTree = "<group>"; };
		FA8EFA0325475C9A002DD282 /* SFProDisplay-Medium.ttf */ = {isa = PBXFileReference; lastKnownFileType = file; path = "SFProDisplay-Medium.ttf"; sourceTree = "<group>"; };
		FA8EFA0425475C9A002DD282 /* SFProDisplay-Light.ttf */ = {isa = PBXFileReference; lastKnownFileType = file; path = "SFProDisplay-Light.ttf"; sourceTree = "<group>"; };
		FA8EFA0525475C9A002DD282 /* SFProDisplay-Regular.ttf */ = {isa = PBXFileReference; lastKnownFileType = file; path = "SFProDisplay-Regular.ttf"; sourceTree = "<group>"; };
		FA8EFA0625475C9A002DD282 /* SFProDisplay-Semibold.ttf */ = {isa = PBXFileReference; lastKnownFileType = file; path = "SFProDisplay-Semibold.ttf"; sourceTree = "<group>"; };
		FA8EFA0D25475DEA002DD282 /* Extension+NavigationBar.swift */ = {isa = PBXFileReference; fileEncoding = 4; lastKnownFileType = sourcecode.swift; path = "Extension+NavigationBar.swift"; sourceTree = "<group>"; };
		FA8EFA1025475E8C002DD282 /* CatalogController.swift */ = {isa = PBXFileReference; lastKnownFileType = sourcecode.swift; path = CatalogController.swift; sourceTree = "<group>"; };
		FA8EFA1325475FC2002DD282 /* Pallete.swift */ = {isa = PBXFileReference; lastKnownFileType = sourcecode.swift; path = Pallete.swift; sourceTree = "<group>"; };
		FA8EFA1525476023002DD282 /* Extension+Font.swift */ = {isa = PBXFileReference; fileEncoding = 4; lastKnownFileType = sourcecode.swift; path = "Extension+Font.swift"; sourceTree = "<group>"; };
		FA8EFA1A254768FD002DD282 /* ProductCollectionCell.swift */ = {isa = PBXFileReference; lastKnownFileType = sourcecode.swift; path = ProductCollectionCell.swift; sourceTree = "<group>"; };
		FA8EFA1B254768FD002DD282 /* ProductCollectionCell.xib */ = {isa = PBXFileReference; lastKnownFileType = file.xib; path = ProductCollectionCell.xib; sourceTree = "<group>"; };
		FA8EFA1F25476BF8002DD282 /* Product.swift */ = {isa = PBXFileReference; lastKnownFileType = sourcecode.swift; path = Product.swift; sourceTree = "<group>"; };
		FA8EFA2125476F56002DD282 /* ProductResponse.swift */ = {isa = PBXFileReference; lastKnownFileType = sourcecode.swift; path = ProductResponse.swift; sourceTree = "<group>"; };
		FAE784FF254B4E0200758093 /* CommentView.swift */ = {isa = PBXFileReference; lastKnownFileType = sourcecode.swift; path = CommentView.swift; sourceTree = "<group>"; };
		FAE78501254B4E1E00758093 /* CommentView.xib */ = {isa = PBXFileReference; lastKnownFileType = file.xib; path = CommentView.xib; sourceTree = "<group>"; };
		FAF4DB60254A307800E02C9B /* PhotoSlider.swift */ = {isa = PBXFileReference; lastKnownFileType = sourcecode.swift; path = PhotoSlider.swift; sourceTree = "<group>"; };
		FAF4DB62254A309C00E02C9B /* PhotoSlider.xib */ = {isa = PBXFileReference; lastKnownFileType = file.xib; path = PhotoSlider.xib; sourceTree = "<group>"; };
		FAF4DB68254A372700E02C9B /* PhotoSliderCell.swift */ = {isa = PBXFileReference; lastKnownFileType = sourcecode.swift; path = PhotoSliderCell.swift; sourceTree = "<group>"; };
		FAF4DB69254A372700E02C9B /* PhotoSliderCell.xib */ = {isa = PBXFileReference; lastKnownFileType = file.xib; path = PhotoSliderCell.xib; sourceTree = "<group>"; };
		FAF4DB6C254A3A5700E02C9B /* Photo.swift */ = {isa = PBXFileReference; lastKnownFileType = sourcecode.swift; path = Photo.swift; sourceTree = "<group>"; };
/* End PBXFileReference section */

/* Begin PBXFrameworksBuildPhase section */
		FA8EF9D525473EDF002DD282 /* Frameworks */ = {
			isa = PBXFrameworksBuildPhase;
			buildActionMask = 2147483647;
			files = (
				FB807FA0D409C2598376AFFF /* Pods_vk_market.framework in Frameworks */,
			);
			runOnlyForDeploymentPostprocessing = 0;
		};
/* End PBXFrameworksBuildPhase section */

/* Begin PBXGroup section */
		57A86619D398DAFD2533E575 /* Pods */ = {
			isa = PBXGroup;
			children = (
				48222A51127A6529B1469B54 /* Pods-vk-market.debug.xcconfig */,
				6E8E3A3FA5CD6A98FF6181BB /* Pods-vk-market.release.xcconfig */,
			);
			path = Pods;
			sourceTree = "<group>";
		};
		B424F0F8C199529068EB2019 /* Frameworks */ = {
			isa = PBXGroup;
			children = (
				A8EEAD080CBAEED689703AAA /* Pods_vk_market.framework */,
			);
			name = Frameworks;
			sourceTree = "<group>";
		};
		FA50F50D254CD8CF0065DDD6 /* AlbumView */ = {
			isa = PBXGroup;
			children = (
				FA50F512254CD9B70065DDD6 /* AlbumCell.swift */,
				FA50F513254CD9B70065DDD6 /* AlbumCell.xib */,
				FA50F50E254CD8F40065DDD6 /* AlbumView.swift */,
			);
			path = AlbumView;
			sourceTree = "<group>";
		};
		FA50F516254CDC5F0065DDD6 /* Album */ = {
			isa = PBXGroup;
			children = (
				FA50F517254CDC780065DDD6 /* Album.swift */,
			);
			path = Album;
			sourceTree = "<group>";
		};
		FA5B19AF2549E57000AC5A06 /* CategoryCell */ = {
			isa = PBXGroup;
			children = (
				FA5B19B02549E5B600AC5A06 /* CategoryCell.swift */,
				FA5B19B12549E5B600AC5A06 /* CategoryCell.xib */,
			);
			path = CategoryCell;
			sourceTree = "<group>";
		};
		FA5B19B82549FB9000AC5A06 /* GroupCell */ = {
			isa = PBXGroup;
			children = (
				FA5B19B92549FBBC00AC5A06 /* GroupCell.swift */,
				FA5B19BA2549FBBC00AC5A06 /* GroupCell.xib */,
			);
			path = GroupCell;
			sourceTree = "<group>";
		};
		FA5B19BD254A068900AC5A06 /* DetailProductController */ = {
			isa = PBXGroup;
			children = (
				FA5B19BE254A06B800AC5A06 /* DetailProductController.swift */,
				FA5B19BF254A06B800AC5A06 /* DetailProductController.xib */,
			);
			path = DetailProductController;
			sourceTree = "<group>";
		};
		FA5B19C2254A265E00AC5A06 /* Buttons */ = {
			isa = PBXGroup;
			children = (
				FA5B19C3254A26C900AC5A06 /* MainButton.swift */,
			);
			path = Buttons;
			sourceTree = "<group>";
		};
		FA72D7C4254DC84500AE51D2 /* User */ = {
			isa = PBXGroup;
			children = (
				FA72D7C5254DC85600AE51D2 /* User.swift */,
			);
			path = User;
			sourceTree = "<group>";
		};
		FA72D7C9254E251400AE51D2 /* ProductSlider */ = {
			isa = PBXGroup;
			children = (
				FA72D7CA254E25A300AE51D2 /* ProductSliderCell.swift */,
				FA72D7CB254E25A300AE51D2 /* ProductSliderCell.xib */,
			);
			path = ProductSlider;
			sourceTree = "<group>";
		};
		FA72D7D0254E501A00AE51D2 /* AlbumProductCell */ = {
			isa = PBXGroup;
			children = (
				FA72D7D1254E53B000AE51D2 /* AlbumProductCell.swift */,
				FA72D7D2254E53B000AE51D2 /* AlbumProductCell.xib */,
			);
			path = AlbumProductCell;
			sourceTree = "<group>";
		};
		FA77B135254B5DF50024B65D /* CommentsController */ = {
			isa = PBXGroup;
			children = (
				FA77B136254B5E490024B65D /* CommentsController.swift */,
				FA77B137254B5E490024B65D /* CommentsController.xib */,
			);
			path = CommentsController;
			sourceTree = "<group>";
		};
		FA77B13A254B62000024B65D /* Comment */ = {
			isa = PBXGroup;
			children = (
				FA77B13B254B62260024B65D /* Comment.swift */,
			);
			path = Comment;
			sourceTree = "<group>";
		};
		FA77B13E254B6C2E0024B65D /* UserCommentCell */ = {
			isa = PBXGroup;
			children = (
				FA77B13F254B6C5B0024B65D /* UserCommentCell.swift */,
				FA77B140254B6C5B0024B65D /* UserCommentCell.xib */,
			);
			path = UserCommentCell;
			sourceTree = "<group>";
		};
		FA77B145254B84D90024B65D /* Likes */ = {
			isa = PBXGroup;
			children = (
				FA77B146254B84E90024B65D /* Like.swift */,
			);
			path = Likes;
			sourceTree = "<group>";
		};
		FA77B148254B898E0024B65D /* Profile */ = {
			isa = PBXGroup;
			children = (
				FA77B149254B89B10024B65D /* ProfileController.swift */,
			);
			path = Profile;
			sourceTree = "<group>";
		};
		FA77B14B254B8E3A0024B65D /* Favorite */ = {
			isa = PBXGroup;
			children = (
				FA77B14C254B8E560024B65D /* FavoriteController.swift */,
			);
			path = Favorite;
			sourceTree = "<group>";
		};
		FA7ACECD2548B3B0004F1214 /* Product */ = {
			isa = PBXGroup;
			children = (
				FA8EFA1F25476BF8002DD282 /* Product.swift */,
				FAF4DB6C254A3A5700E02C9B /* Photo.swift */,
				FA8EFA2125476F56002DD282 /* ProductResponse.swift */,
				FA72D7CE254E425F00AE51D2 /* ProductList.swift */,
			);
			path = Product;
			sourceTree = "<group>";
		};
		FA7ACECE2548B3BC004F1214 /* Brand */ = {
			isa = PBXGroup;
			children = (
				FA7ACECF2548B3E7004F1214 /* Brand.swift */,
				FA7ACEDF2548D507004F1214 /* Subcategory.swift */,
			);
			path = Brand;
			sourceTree = "<group>";
		};
		FA7ACED12548B4BC004F1214 /* JSON */ = {
			isa = PBXGroup;
			children = (
				FA7ACED22548B8B6004F1214 /* brands.json */,
				FA7ACEDD2548D4C8004F1214 /* subcategories.json */,
			);
			path = JSON;
			sourceTree = "<group>";
		};
		FA7ACED42548C067004F1214 /* Storyboard */ = {
			isa = PBXGroup;
			children = (
				FA77B14B254B8E3A0024B65D /* Favorite */,
				FA77B148254B898E0024B65D /* Profile */,
				FA8EFA0F25475E73002DD282 /* Catalog */,
				FA8EF9FB254747CD002DD282 /* Main */,
				FA8EF9F82547479E002DD282 /* Auth */,
			);
			path = Storyboard;
			sourceTree = "<group>";
		};
		FA7ACED52548C079004F1214 /* Xib */ = {
			isa = PBXGroup;
			children = (
				FA77B135254B5DF50024B65D /* CommentsController */,
				FA5B19BD254A068900AC5A06 /* DetailProductController */,
				FA7ACEE42548D77A004F1214 /* GroupsController */,
				FA7ACED62548C084004F1214 /* ProductsController */,
			);
			path = Xib;
			sourceTree = "<group>";
		};
		FA7ACED62548C084004F1214 /* ProductsController */ = {
			isa = PBXGroup;
			children = (
				FA7ACED72548C0AB004F1214 /* ProductsController.swift */,
				FA7ACED82548C0AB004F1214 /* ProductsController.xib */,
			);
			path = ProductsController;
			sourceTree = "<group>";
		};
		FA7ACEE12548D546004F1214 /* Storage */ = {
			isa = PBXGroup;
			children = (
				FA7ACEE22548D56D004F1214 /* Storage.swift */,
			);
			path = Storage;
			sourceTree = "<group>";
		};
		FA7ACEE42548D77A004F1214 /* GroupsController */ = {
			isa = PBXGroup;
			children = (
				FA7ACEE52548D7A2004F1214 /* GroupsController.swift */,
				FA7ACEE62548D7A2004F1214 /* GroupsController.xib */,
			);
			path = GroupsController;
			sourceTree = "<group>";
		};
		FA7ACEE92548D8CE004F1214 /* Group */ = {
			isa = PBXGroup;
			children = (
				FA7ACEEA2548D8F5004F1214 /* Group.swift */,
				FA7ACEEC2548DA19004F1214 /* GroupResponse.swift */,
			);
			path = Group;
			sourceTree = "<group>";
		};
		FA8EF9CF25473EDF002DD282 = {
			isa = PBXGroup;
			children = (
				FA8EF9DA25473EDF002DD282 /* vk-market */,
				FA8EF9D925473EDF002DD282 /* Products */,
				57A86619D398DAFD2533E575 /* Pods */,
				B424F0F8C199529068EB2019 /* Frameworks */,
			);
			sourceTree = "<group>";
		};
		FA8EF9D925473EDF002DD282 /* Products */ = {
			isa = PBXGroup;
			children = (
				FA8EF9D825473EDF002DD282 /* VK Market.app */,
			);
			name = Products;
			sourceTree = "<group>";
		};
		FA8EF9DA25473EDF002DD282 /* vk-market */ = {
			isa = PBXGroup;
			children = (
				FA8EF9EF254742BA002DD282 /* Extensions */,
				FA8EF9F0254742C5002DD282 /* Classes */,
				FA8EF9F12547431A002DD282 /* Resources */,
				FA8EF9DB25473EDF002DD282 /* AppDelegate.swift */,
				FA8EFA1225475FA8002DD282 /* Support */,
				FA8EF9DF25473EDF002DD282 /* ViewController.swift */,
				FA8EF9E125473EDF002DD282 /* Main.storyboard */,
				FA8EF9E425473EE7002DD282 /* Assets.xcassets */,
				FA8EF9E625473EE7002DD282 /* LaunchScreen.storyboard */,
				FA8EF9E925473EE7002DD282 /* Info.plist */,
			);
			path = "vk-market";
			sourceTree = "<group>";
		};
		FA8EF9EF254742BA002DD282 /* Extensions */ = {
			isa = PBXGroup;
			children = (
				FA8EFA0D25475DEA002DD282 /* Extension+NavigationBar.swift */,
				FA8EFA1525476023002DD282 /* Extension+Font.swift */,
				FA5B19B42549E79D00AC5A06 /* Extension+UITableView.swift */,
				FA5B19B62549E85E00AC5A06 /* Extension+UIView.swift */,
				FA77B143254B7B860024B65D /* Extension+Date.swift */,
			);
			path = Extensions;
			sourceTree = "<group>";
		};
		FA8EF9F0254742C5002DD282 /* Classes */ = {
			isa = PBXGroup;
			children = (
				FA7ACEE12548D546004F1214 /* Storage */,
				FA8EFA1E25476B96002DD282 /* Models */,
				FA8EFA17254768A9002DD282 /* Views */,
				FA8EF9F72547478E002DD282 /* Controllers */,
				FA8EF9F225474358002DD282 /* API */,
			);
			path = Classes;
			sourceTree = "<group>";
		};
		FA8EF9F12547431A002DD282 /* Resources */ = {
			isa = PBXGroup;
			children = (
				FA7ACED12548B4BC004F1214 /* JSON */,
				FA8EF9FE25475C99002DD282 /* Fonts */,
			);
			path = Resources;
			sourceTree = "<group>";
		};
		FA8EF9F225474358002DD282 /* API */ = {
			isa = PBXGroup;
			children = (
				FA8EF9F325474467002DD282 /* VKManager.swift */,
				FA8EF9F5254744A1002DD282 /* VKMarketModule.swift */,
				FA7ACEDB2548D456004F1214 /* VKGroupsModule.swift */,
				FA72D7C2254DC80700AE51D2 /* VKUserModule.swift */,
				FA72D7C7254DD34200AE51D2 /* VKFavoriteModule.swift */,
			);
			path = API;
			sourceTree = "<group>";
		};
		FA8EF9F72547478E002DD282 /* Controllers */ = {
			isa = PBXGroup;
			children = (
				FA7ACED52548C079004F1214 /* Xib */,
				FA7ACED42548C067004F1214 /* Storyboard */,
			);
			path = Controllers;
			sourceTree = "<group>";
		};
		FA8EF9F82547479E002DD282 /* Auth */ = {
			isa = PBXGroup;
			children = (
				FA8EF9F9254747BE002DD282 /* AuthController.swift */,
			);
			path = Auth;
			sourceTree = "<group>";
		};
		FA8EF9FB254747CD002DD282 /* Main */ = {
			isa = PBXGroup;
			children = (
				FA8EF9FC254747E9002DD282 /* MainController.swift */,
			);
			path = Main;
			sourceTree = "<group>";
		};
		FA8EF9FE25475C99002DD282 /* Fonts */ = {
			isa = PBXGroup;
			children = (
				FA8EF9FF25475C9A002DD282 /* TT Commons */,
				FA8EFA0225475C9A002DD282 /* SFPro */,
			);
			path = Fonts;
			sourceTree = "<group>";
		};
		FA8EF9FF25475C9A002DD282 /* TT Commons */ = {
			isa = PBXGroup;
			children = (
				FA8EFA0025475C9A002DD282 /* TT Commons DemiBold.otf */,
				FA8EFA0125475C9A002DD282 /* TTCommons-DemiBold.ttf */,
			);
			path = "TT Commons";
			sourceTree = "<group>";
		};
		FA8EFA0225475C9A002DD282 /* SFPro */ = {
			isa = PBXGroup;
			children = (
				FA8EFA0325475C9A002DD282 /* SFProDisplay-Medium.ttf */,
				FA8EFA0425475C9A002DD282 /* SFProDisplay-Light.ttf */,
				FA8EFA0525475C9A002DD282 /* SFProDisplay-Regular.ttf */,
				FA8EFA0625475C9A002DD282 /* SFProDisplay-Semibold.ttf */,
			);
			path = SFPro;
			sourceTree = "<group>";
		};
		FA8EFA0F25475E73002DD282 /* Catalog */ = {
			isa = PBXGroup;
			children = (
				FA8EFA1025475E8C002DD282 /* CatalogController.swift */,
			);
			path = Catalog;
			sourceTree = "<group>";
		};
		FA8EFA1225475FA8002DD282 /* Support */ = {
			isa = PBXGroup;
			children = (
				FA5B19C5254A26F400AC5A06 /* Constants.swift */,
				FA8EFA1325475FC2002DD282 /* Pallete.swift */,
			);
			path = Support;
			sourceTree = "<group>";
		};
		FA8EFA17254768A9002DD282 /* Views */ = {
			isa = PBXGroup;
			children = (
				FA72D7C9254E251400AE51D2 /* ProductSlider */,
				FA50F50D254CD8CF0065DDD6 /* AlbumView */,
				FAE784FE254B4DDF00758093 /* CommentView */,
				FAF4DB5F254A303200E02C9B /* PhotoSlider */,
				FA5B19C2254A265E00AC5A06 /* Buttons */,
				FA8EFA18254768B6002DD282 /* Cells */,
			);
			path = Views;
			sourceTree = "<group>";
		};
		FA8EFA18254768B6002DD282 /* Cells */ = {
			isa = PBXGroup;
			children = (
				FA72D7D0254E501A00AE51D2 /* AlbumProductCell */,
				FA77B13E254B6C2E0024B65D /* UserCommentCell */,
				FA5B19B82549FB9000AC5A06 /* GroupCell */,
				FA5B19AF2549E57000AC5A06 /* CategoryCell */,
				FA8EFA19254768C1002DD282 /* ProductCell */,
			);
			path = Cells;
			sourceTree = "<group>";
		};
		FA8EFA19254768C1002DD282 /* ProductCell */ = {
			isa = PBXGroup;
			children = (
				FA8EFA1A254768FD002DD282 /* ProductCollectionCell.swift */,
				FA8EFA1B254768FD002DD282 /* ProductCollectionCell.xib */,
			);
			path = ProductCell;
			sourceTree = "<group>";
		};
		FA8EFA1E25476B96002DD282 /* Models */ = {
			isa = PBXGroup;
			children = (
				FA72D7C4254DC84500AE51D2 /* User */,
				FA50F516254CDC5F0065DDD6 /* Album */,
				FA77B145254B84D90024B65D /* Likes */,
				FA77B13A254B62000024B65D /* Comment */,
				FA7ACEE92548D8CE004F1214 /* Group */,
				FA7ACECE2548B3BC004F1214 /* Brand */,
				FA7ACECD2548B3B0004F1214 /* Product */,
			);
			path = Models;
			sourceTree = "<group>";
		};
		FAE784FE254B4DDF00758093 /* CommentView */ = {
			isa = PBXGroup;
			children = (
				FAE784FF254B4E0200758093 /* CommentView.swift */,
				FAE78501254B4E1E00758093 /* CommentView.xib */,
			);
			path = CommentView;
			sourceTree = "<group>";
		};
		FAF4DB5F254A303200E02C9B /* PhotoSlider */ = {
			isa = PBXGroup;
			children = (
				FAF4DB60254A307800E02C9B /* PhotoSlider.swift */,
				FAF4DB62254A309C00E02C9B /* PhotoSlider.xib */,
				FAF4DB68254A372700E02C9B /* PhotoSliderCell.swift */,
				FAF4DB69254A372700E02C9B /* PhotoSliderCell.xib */,
			);
			path = PhotoSlider;
			sourceTree = "<group>";
		};
/* End PBXGroup section */

/* Begin PBXNativeTarget section */
		FA8EF9D725473EDF002DD282 /* vk-market */ = {
			isa = PBXNativeTarget;
			buildConfigurationList = FA8EF9EC25473EE7002DD282 /* Build configuration list for PBXNativeTarget "vk-market" */;
			buildPhases = (
				F14E4ADF9CE2A8C63B919607 /* [CP] Check Pods Manifest.lock */,
				FA8EF9D425473EDF002DD282 /* Sources */,
				FA8EF9D525473EDF002DD282 /* Frameworks */,
				FA8EF9D625473EDF002DD282 /* Resources */,
				FF382E9725DA134CE9B1DC07 /* [CP] Embed Pods Frameworks */,
			);
			buildRules = (
			);
			dependencies = (
			);
			name = "vk-market";
			productName = "vk-market";
			productReference = FA8EF9D825473EDF002DD282 /* VK Market.app */;
			productType = "com.apple.product-type.application";
		};
/* End PBXNativeTarget section */

/* Begin PBXProject section */
		FA8EF9D025473EDF002DD282 /* Project object */ = {
			isa = PBXProject;
			attributes = {
				LastSwiftUpdateCheck = 1130;
				LastUpgradeCheck = 1130;
				ORGANIZATIONNAME = AlexBugatti;
				TargetAttributes = {
					FA8EF9D725473EDF002DD282 = {
						CreatedOnToolsVersion = 11.3.1;
					};
				};
			};
			buildConfigurationList = FA8EF9D325473EDF002DD282 /* Build configuration list for PBXProject "vk-market" */;
			compatibilityVersion = "Xcode 9.3";
			developmentRegion = en;
			hasScannedForEncodings = 0;
			knownRegions = (
				en,
				Base,
			);
			mainGroup = FA8EF9CF25473EDF002DD282;
			productRefGroup = FA8EF9D925473EDF002DD282 /* Products */;
			projectDirPath = "";
			projectRoot = "";
			targets = (
				FA8EF9D725473EDF002DD282 /* vk-market */,
			);
		};
/* End PBXProject section */

/* Begin PBXResourcesBuildPhase section */
		FA8EF9D625473EDF002DD282 /* Resources */ = {
			isa = PBXResourcesBuildPhase;
			buildActionMask = 2147483647;
			files = (
				FAF4DB6B254A372700E02C9B /* PhotoSliderCell.xib in Resources */,
				FA5B19C1254A06B800AC5A06 /* DetailProductController.xib in Resources */,
				FA8EF9E825473EE7002DD282 /* LaunchScreen.storyboard in Resources */,
				FA8EFA0C25475C9A002DD282 /* SFProDisplay-Semibold.ttf in Resources */,
				FA8EF9E525473EE7002DD282 /* Assets.xcassets in Resources */,
				FA7ACEE82548D7A2004F1214 /* GroupsController.xib in Resources */,
				FA77B142254B6C5B0024B65D /* UserCommentCell.xib in Resources */,
				FA50F515254CD9B70065DDD6 /* AlbumCell.xib in Resources */,
				FAE78502254B4E1E00758093 /* CommentView.xib in Resources */,
				FA7ACEDA2548C0AB004F1214 /* ProductsController.xib in Resources */,
				FA72D7CD254E25A300AE51D2 /* ProductSliderCell.xib in Resources */,
				FA8EFA1D254768FD002DD282 /* ProductCollectionCell.xib in Resources */,
				FA77B139254B5E490024B65D /* CommentsController.xib in Resources */,
				FA8EFA0725475C9A002DD282 /* TT Commons DemiBold.otf in Resources */,
				FA7ACED32548B8B7004F1214 /* brands.json in Resources */,
				FA8EFA0B25475C9A002DD282 /* SFProDisplay-Regular.ttf in Resources */,
				FA8EFA0A25475C9A002DD282 /* SFProDisplay-Light.ttf in Resources */,
				FAF4DB63254A309C00E02C9B /* PhotoSlider.xib in Resources */,
				FA5B19B32549E5B600AC5A06 /* CategoryCell.xib in Resources */,
				FA5B19BC2549FBBC00AC5A06 /* GroupCell.xib in Resources */,
				FA7ACEDE2548D4C9004F1214 /* subcategories.json in Resources */,
				FA8EFA0825475C9A002DD282 /* TTCommons-DemiBold.ttf in Resources */,
				FA8EF9E325473EDF002DD282 /* Main.storyboard in Resources */,
				FA8EFA0925475C9A002DD282 /* SFProDisplay-Medium.ttf in Resources */,
				FA72D7D4254E53B000AE51D2 /* AlbumProductCell.xib in Resources */,
			);
			runOnlyForDeploymentPostprocessing = 0;
		};
/* End PBXResourcesBuildPhase section */

/* Begin PBXShellScriptBuildPhase section */
		F14E4ADF9CE2A8C63B919607 /* [CP] Check Pods Manifest.lock */ = {
			isa = PBXShellScriptBuildPhase;
			buildActionMask = 2147483647;
			files = (
			);
			inputFileListPaths = (
			);
			inputPaths = (
				"${PODS_PODFILE_DIR_PATH}/Podfile.lock",
				"${PODS_ROOT}/Manifest.lock",
			);
			name = "[CP] Check Pods Manifest.lock";
			outputFileListPaths = (
			);
			outputPaths = (
				"$(DERIVED_FILE_DIR)/Pods-vk-market-checkManifestLockResult.txt",
			);
			runOnlyForDeploymentPostprocessing = 0;
			shellPath = /bin/sh;
			shellScript = "diff \"${PODS_PODFILE_DIR_PATH}/Podfile.lock\" \"${PODS_ROOT}/Manifest.lock\" > /dev/null\nif [ $? != 0 ] ; then\n    # print error to STDERR\n    echo \"error: The sandbox is not in sync with the Podfile.lock. Run 'pod install' or update your CocoaPods installation.\" >&2\n    exit 1\nfi\n# This output is used by Xcode 'outputs' to avoid re-running this script phase.\necho \"SUCCESS\" > \"${SCRIPT_OUTPUT_FILE_0}\"\n";
			showEnvVarsInLog = 0;
		};
		FF382E9725DA134CE9B1DC07 /* [CP] Embed Pods Frameworks */ = {
			isa = PBXShellScriptBuildPhase;
			buildActionMask = 2147483647;
			files = (
			);
			inputFileListPaths = (
				"${PODS_ROOT}/Target Support Files/Pods-vk-market/Pods-vk-market-frameworks-${CONFIGURATION}-input-files.xcfilelist",
			);
			name = "[CP] Embed Pods Frameworks";
			outputFileListPaths = (
				"${PODS_ROOT}/Target Support Files/Pods-vk-market/Pods-vk-market-frameworks-${CONFIGURATION}-output-files.xcfilelist",
			);
			runOnlyForDeploymentPostprocessing = 0;
			shellPath = /bin/sh;
			shellScript = "\"${PODS_ROOT}/Target Support Files/Pods-vk-market/Pods-vk-market-frameworks.sh\"\n";
			showEnvVarsInLog = 0;
		};
/* End PBXShellScriptBuildPhase section */

/* Begin PBXSourcesBuildPhase section */
		FA8EF9D425473EDF002DD282 /* Sources */ = {
			isa = PBXSourcesBuildPhase;
			buildActionMask = 2147483647;
			files = (
				FA8EFA1625476024002DD282 /* Extension+Font.swift in Sources */,
				FA8EFA1C254768FD002DD282 /* ProductCollectionCell.swift in Sources */,
				FA5B19B72549E85E00AC5A06 /* Extension+UIView.swift in Sources */,
				FA8EF9F425474467002DD282 /* VKManager.swift in Sources */,
				FA72D7CF254E425F00AE51D2 /* ProductList.swift in Sources */,
				FA77B14D254B8E560024B65D /* FavoriteController.swift in Sources */,
				FA50F518254CDC780065DDD6 /* Album.swift in Sources */,
				FA7ACEED2548DA19004F1214 /* GroupResponse.swift in Sources */,
				FA77B13C254B62260024B65D /* Comment.swift in Sources */,
				FA7ACEEB2548D8F5004F1214 /* Group.swift in Sources */,
				FA8EFA1125475E8C002DD282 /* CatalogController.swift in Sources */,
				FA8EF9E025473EDF002DD282 /* ViewController.swift in Sources */,
				FA7ACEE32548D56D004F1214 /* Storage.swift in Sources */,
				FAF4DB6A254A372700E02C9B /* PhotoSliderCell.swift in Sources */,
				FA77B141254B6C5B0024B65D /* UserCommentCell.swift in Sources */,
				FA7ACEE72548D7A2004F1214 /* GroupsController.swift in Sources */,
				FA5B19BB2549FBBC00AC5A06 /* GroupCell.swift in Sources */,
				FA5B19C6254A26F400AC5A06 /* Constants.swift in Sources */,
				FA5B19C4254A26C900AC5A06 /* MainButton.swift in Sources */,
				FA7ACED92548C0AB004F1214 /* ProductsController.swift in Sources */,
				FA72D7C3254DC80700AE51D2 /* VKUserModule.swift in Sources */,
				FA72D7CC254E25A300AE51D2 /* ProductSliderCell.swift in Sources */,
				FA7ACEDC2548D456004F1214 /* VKGroupsModule.swift in Sources */,
				FA5B19B52549E79D00AC5A06 /* Extension+UITableView.swift in Sources */,
				FAF4DB6D254A3A5700E02C9B /* Photo.swift in Sources */,
				FA8EFA2025476BF8002DD282 /* Product.swift in Sources */,
				FA77B14A254B89B10024B65D /* ProfileController.swift in Sources */,
				FA77B144254B7B860024B65D /* Extension+Date.swift in Sources */,
				FA77B147254B84E90024B65D /* Like.swift in Sources */,
				FA8EF9FA254747BE002DD282 /* AuthController.swift in Sources */,
				FA8EFA1425475FC2002DD282 /* Pallete.swift in Sources */,
				FA8EFA2225476F56002DD282 /* ProductResponse.swift in Sources */,
				FA8EF9F6254744A1002DD282 /* VKMarketModule.swift in Sources */,
				FA8EF9FD254747E9002DD282 /* MainController.swift in Sources */,
				FA72D7C6254DC85600AE51D2 /* User.swift in Sources */,
				FA72D7D3254E53B000AE51D2 /* AlbumProductCell.swift in Sources */,
				FA5B19C0254A06B800AC5A06 /* DetailProductController.swift in Sources */,
				FA72D7C8254DD34200AE51D2 /* VKFavoriteModule.swift in Sources */,
				FA7ACEE02548D507004F1214 /* Subcategory.swift in Sources */,
				FAE78500254B4E0200758093 /* CommentView.swift in Sources */,
				FAF4DB61254A307800E02C9B /* PhotoSlider.swift in Sources */,
				FA7ACED02548B3E7004F1214 /* Brand.swift in Sources */,
				FA8EF9DC25473EDF002DD282 /* AppDelegate.swift in Sources */,
				FA50F514254CD9B70065DDD6 /* AlbumCell.swift in Sources */,
				FA8EFA0E25475DEA002DD282 /* Extension+NavigationBar.swift in Sources */,
				FA5B19B22549E5B600AC5A06 /* CategoryCell.swift in Sources */,
				FA50F50F254CD8F40065DDD6 /* AlbumView.swift in Sources */,
				FA77B138254B5E490024B65D /* CommentsController.swift in Sources */,
			);
			runOnlyForDeploymentPostprocessing = 0;
		};
/* End PBXSourcesBuildPhase section */

/* Begin PBXVariantGroup section */
		FA8EF9E125473EDF002DD282 /* Main.storyboard */ = {
			isa = PBXVariantGroup;
			children = (
				FA8EF9E225473EDF002DD282 /* Base */,
			);
			name = Main.storyboard;
			sourceTree = "<group>";
		};
		FA8EF9E625473EE7002DD282 /* LaunchScreen.storyboard */ = {
			isa = PBXVariantGroup;
			children = (
				FA8EF9E725473EE7002DD282 /* Base */,
			);
			name = LaunchScreen.storyboard;
			sourceTree = "<group>";
		};
/* End PBXVariantGroup section */

/* Begin XCBuildConfiguration section */
		FA8EF9EA25473EE7002DD282 /* Debug */ = {
			isa = XCBuildConfiguration;
			buildSettings = {
				ALWAYS_SEARCH_USER_PATHS = NO;
				CLANG_ANALYZER_NONNULL = YES;
				CLANG_ANALYZER_NUMBER_OBJECT_CONVERSION = YES_AGGRESSIVE;
				CLANG_CXX_LANGUAGE_STANDARD = "gnu++14";
				CLANG_CXX_LIBRARY = "libc++";
				CLANG_ENABLE_MODULES = YES;
				CLANG_ENABLE_OBJC_ARC = YES;
				CLANG_ENABLE_OBJC_WEAK = YES;
				CLANG_WARN_BLOCK_CAPTURE_AUTORELEASING = YES;
				CLANG_WARN_BOOL_CONVERSION = YES;
				CLANG_WARN_COMMA = YES;
				CLANG_WARN_CONSTANT_CONVERSION = YES;
				CLANG_WARN_DEPRECATED_OBJC_IMPLEMENTATIONS = YES;
				CLANG_WARN_DIRECT_OBJC_ISA_USAGE = YES_ERROR;
				CLANG_WARN_DOCUMENTATION_COMMENTS = YES;
				CLANG_WARN_EMPTY_BODY = YES;
				CLANG_WARN_ENUM_CONVERSION = YES;
				CLANG_WARN_INFINITE_RECURSION = YES;
				CLANG_WARN_INT_CONVERSION = YES;
				CLANG_WARN_NON_LITERAL_NULL_CONVERSION = YES;
				CLANG_WARN_OBJC_IMPLICIT_RETAIN_SELF = YES;
				CLANG_WARN_OBJC_LITERAL_CONVERSION = YES;
				CLANG_WARN_OBJC_ROOT_CLASS = YES_ERROR;
				CLANG_WARN_RANGE_LOOP_ANALYSIS = YES;
				CLANG_WARN_STRICT_PROTOTYPES = YES;
				CLANG_WARN_SUSPICIOUS_MOVE = YES;
				CLANG_WARN_UNGUARDED_AVAILABILITY = YES_AGGRESSIVE;
				CLANG_WARN_UNREACHABLE_CODE = YES;
				CLANG_WARN__DUPLICATE_METHOD_MATCH = YES;
				COPY_PHASE_STRIP = NO;
				DEBUG_INFORMATION_FORMAT = dwarf;
				ENABLE_STRICT_OBJC_MSGSEND = YES;
				ENABLE_TESTABILITY = YES;
				GCC_C_LANGUAGE_STANDARD = gnu11;
				GCC_DYNAMIC_NO_PIC = NO;
				GCC_NO_COMMON_BLOCKS = YES;
				GCC_OPTIMIZATION_LEVEL = 0;
				GCC_PREPROCESSOR_DEFINITIONS = (
					"DEBUG=1",
					"$(inherited)",
				);
				GCC_WARN_64_TO_32_BIT_CONVERSION = YES;
				GCC_WARN_ABOUT_RETURN_TYPE = YES_ERROR;
				GCC_WARN_UNDECLARED_SELECTOR = YES;
				GCC_WARN_UNINITIALIZED_AUTOS = YES_AGGRESSIVE;
				GCC_WARN_UNUSED_FUNCTION = YES;
				GCC_WARN_UNUSED_VARIABLE = YES;
				IPHONEOS_DEPLOYMENT_TARGET = 13.2;
				MTL_ENABLE_DEBUG_INFO = INCLUDE_SOURCE;
				MTL_FAST_MATH = YES;
				ONLY_ACTIVE_ARCH = YES;
				SDKROOT = iphoneos;
				SWIFT_ACTIVE_COMPILATION_CONDITIONS = DEBUG;
				SWIFT_OPTIMIZATION_LEVEL = "-Onone";
			};
			name = Debug;
		};
		FA8EF9EB25473EE7002DD282 /* Release */ = {
			isa = XCBuildConfiguration;
			buildSettings = {
				ALWAYS_SEARCH_USER_PATHS = NO;
				CLANG_ANALYZER_NONNULL = YES;
				CLANG_ANALYZER_NUMBER_OBJECT_CONVERSION = YES_AGGRESSIVE;
				CLANG_CXX_LANGUAGE_STANDARD = "gnu++14";
				CLANG_CXX_LIBRARY = "libc++";
				CLANG_ENABLE_MODULES = YES;
				CLANG_ENABLE_OBJC_ARC = YES;
				CLANG_ENABLE_OBJC_WEAK = YES;
				CLANG_WARN_BLOCK_CAPTURE_AUTORELEASING = YES;
				CLANG_WARN_BOOL_CONVERSION = YES;
				CLANG_WARN_COMMA = YES;
				CLANG_WARN_CONSTANT_CONVERSION = YES;
				CLANG_WARN_DEPRECATED_OBJC_IMPLEMENTATIONS = YES;
				CLANG_WARN_DIRECT_OBJC_ISA_USAGE = YES_ERROR;
				CLANG_WARN_DOCUMENTATION_COMMENTS = YES;
				CLANG_WARN_EMPTY_BODY = YES;
				CLANG_WARN_ENUM_CONVERSION = YES;
				CLANG_WARN_INFINITE_RECURSION = YES;
				CLANG_WARN_INT_CONVERSION = YES;
				CLANG_WARN_NON_LITERAL_NULL_CONVERSION = YES;
				CLANG_WARN_OBJC_IMPLICIT_RETAIN_SELF = YES;
				CLANG_WARN_OBJC_LITERAL_CONVERSION = YES;
				CLANG_WARN_OBJC_ROOT_CLASS = YES_ERROR;
				CLANG_WARN_RANGE_LOOP_ANALYSIS = YES;
				CLANG_WARN_STRICT_PROTOTYPES = YES;
				CLANG_WARN_SUSPICIOUS_MOVE = YES;
				CLANG_WARN_UNGUARDED_AVAILABILITY = YES_AGGRESSIVE;
				CLANG_WARN_UNREACHABLE_CODE = YES;
				CLANG_WARN__DUPLICATE_METHOD_MATCH = YES;
				COPY_PHASE_STRIP = NO;
				DEBUG_INFORMATION_FORMAT = "dwarf-with-dsym";
				ENABLE_NS_ASSERTIONS = NO;
				ENABLE_STRICT_OBJC_MSGSEND = YES;
				GCC_C_LANGUAGE_STANDARD = gnu11;
				GCC_NO_COMMON_BLOCKS = YES;
				GCC_WARN_64_TO_32_BIT_CONVERSION = YES;
				GCC_WARN_ABOUT_RETURN_TYPE = YES_ERROR;
				GCC_WARN_UNDECLARED_SELECTOR = YES;
				GCC_WARN_UNINITIALIZED_AUTOS = YES_AGGRESSIVE;
				GCC_WARN_UNUSED_FUNCTION = YES;
				GCC_WARN_UNUSED_VARIABLE = YES;
				IPHONEOS_DEPLOYMENT_TARGET = 13.2;
				MTL_ENABLE_DEBUG_INFO = NO;
				MTL_FAST_MATH = YES;
				SDKROOT = iphoneos;
				SWIFT_COMPILATION_MODE = wholemodule;
				SWIFT_OPTIMIZATION_LEVEL = "-O";
				VALIDATE_PRODUCT = YES;
			};
			name = Release;
		};
		FA8EF9ED25473EE7002DD282 /* Debug */ = {
			isa = XCBuildConfiguration;
			baseConfigurationReference = 48222A51127A6529B1469B54 /* Pods-vk-market.debug.xcconfig */;
			buildSettings = {
				ASSETCATALOG_COMPILER_APPICON_NAME = AppIcon;
				CODE_SIGN_STYLE = Automatic;
				INFOPLIST_FILE = "vk-market/Info.plist";
				IPHONEOS_DEPLOYMENT_TARGET = 11.0;
				LD_RUNPATH_SEARCH_PATHS = (
					"$(inherited)",
					"@executable_path/Frameworks",
				);
				PRODUCT_BUNDLE_IDENTIFIER = "com.abugaev.vk-market";
				PRODUCT_NAME = "VK Market";
				SWIFT_VERSION = 5.0;
				TARGETED_DEVICE_FAMILY = "1,2";
			};
			name = Debug;
		};
		FA8EF9EE25473EE7002DD282 /* Release */ = {
			isa = XCBuildConfiguration;
			baseConfigurationReference = 6E8E3A3FA5CD6A98FF6181BB /* Pods-vk-market.release.xcconfig */;
			buildSettings = {
				ASSETCATALOG_COMPILER_APPICON_NAME = AppIcon;
				CODE_SIGN_STYLE = Automatic;
				INFOPLIST_FILE = "vk-market/Info.plist";
				IPHONEOS_DEPLOYMENT_TARGET = 11.0;
				LD_RUNPATH_SEARCH_PATHS = (
					"$(inherited)",
					"@executable_path/Frameworks",
				);
				PRODUCT_BUNDLE_IDENTIFIER = "com.abugaev.vk-market";
				PRODUCT_NAME = "VK Market";
				SWIFT_VERSION = 5.0;
				TARGETED_DEVICE_FAMILY = "1,2";
			};
			name = Release;
		};
/* End XCBuildConfiguration section */

/* Begin XCConfigurationList section */
		FA8EF9D325473EDF002DD282 /* Build configuration list for PBXProject "vk-market" */ = {
			isa = XCConfigurationList;
			buildConfigurations = (
				FA8EF9EA25473EE7002DD282 /* Debug */,
				FA8EF9EB25473EE7002DD282 /* Release */,
			);
			defaultConfigurationIsVisible = 0;
			defaultConfigurationName = Release;
		};
		FA8EF9EC25473EE7002DD282 /* Build configuration list for PBXNativeTarget "vk-market" */ = {
			isa = XCConfigurationList;
			buildConfigurations = (
				FA8EF9ED25473EE7002DD282 /* Debug */,
				FA8EF9EE25473EE7002DD282 /* Release */,
			);
			defaultConfigurationIsVisible = 0;
			defaultConfigurationName = Release;
		};
/* End XCConfigurationList section */
	};
	rootObject = FA8EF9D025473EDF002DD282 /* Project object */;
}
